
Microsoft Visual Studio Solution File, Format Version 12.00
# Visual Studio Version 16
VisualStudioVersion = 16.0.29519.87
MinimumVisualStudioVersion = 10.0.40219.1
Project("{FAE04EC0-301F-11D3-BF4B-00C04F79EFBC}") = "TestTask", "TestTask.csproj", "{A6C8B6EE-30EC-43DB-A092-11E89163B88B}"
EndProject
Global
	GlobalSection(SolutionConfigurationPlatforms) = preSolution
		Debug|Any CPU = Debug|Any CPU
		Release|Any CPU = Release|Any CPU
	EndGlobalSection
	GlobalSection(ProjectConfigurationPlatforms) = postSolution
		{A6C8B6EE-30EC-43DB-A092-11E89163B88B}.Debug|Any CPU.ActiveCfg = Debug|Any CPU
		{A6C8B6EE-30EC-43DB-A092-11E89163B88B}.Debug|Any CPU.Build.0 = Debug|Any CPU
		{A6C8B6EE-30EC-43DB-A092-11E89163B88B}.Release|Any CPU.ActiveCfg = Release|Any CPU
		{A6C8B6EE-30EC-43DB-A092-11E89163B88B}.Release|Any CPU.Build.0 = Release|Any CPU
	EndGlobalSection
	GlobalSection(SolutionProperties) = preSolution
		HideSolutionNode = FALSE
	EndGlobalSection
	GlobalSection(ExtensibilityGlobals) = postSolution
		SolutionGuid = {96AA1115-BB29-42F0-9F33-C39B9FB4F31F}
	EndGlobalSection
EndGlobal
